github.com/alext/tablecloth v0.0.0-20150502092832-fbddb1a44a21/go.mod h1:jKjUrWeqND77iVx9JTIHBPwsFrcvHWg0+LinaAH6NXM=
github.com/alphagov/router v0.0.0-20161125164013-5d98b0d9fc19 h1:LX9H/VztLww9xtRK5O1coSCiRkF0UqLZytIMzg8CYUU=
github.com/alphagov/router v0.0.0-20161125164013-5d98b0d9fc19/go.mod h1:Mp21fDX6h4wMwSzsItDP+UtNLAlQOZZIXu6/YsyQae0=
github.com/alphagov/router v0.0.0-20191209095517-faf207029fc1 h1:o4+hZtAd4Fy7H+Izq9W3JWIxOaiiw1K0zFpco1cQIi8=
github.com/alphagov/router v0.0.0-20191209095517-faf207029fc1/go.mod h1:vd/XPGAC3X4dGdNtrFjM4E7+Ci2hQPbZ3Qr3NVzXioU=
github.com/getsentry/sentry-go v0.2.1/go.mod h1:2QfSdvxz4IZGyB5izm1TtADFhlhfj1Dcesrg8+A/T9Y=
github.com/globalsign/mgo v0.0.0-20181015135952-eeefdecb41b8/go.mod h1:xkRDCp4j0OGD1HRkm4kmhM+pmpv3AKq5SU7GMg4oO/Q=
github.com/go-errors/errors v1.0.1/go.mod h1:f4zRHt4oKfwPJE5k8C9vpYG+aDHdBFUsgrm6/TyX73Q=
github.com/golang/protobuf v0.0.0-20160712193813-874264fbbb43/go.mod h1:6lQm79b+lXiMfvg/cZm0SGofjICqVBUtrP5yJMmIC1U=
github.com/google/pprof v0.0.0-20181206194817-3ea8567a2e57/go.mod h1:zfwlbNMJ+OItoe0UupaVj+oy1omPYYDuagoSzA8v9mc=
github.com/kr/pretty v0.1.0/go.mod h1:dAy3ld7l9f0ibDNOQOHHMYYIIbhfbHSm3C4ZsoJORNo=
github.com/kr/pty v1.1.1/go.mod h1:pFQYn66WHrOpPYNljwOMqo10TkYh1fy3cYio2l3bCsQ=
github.com/kr/text v0.1.0/go.mod h1:4Jbv+DJW3UT/LiOwJeYQe1efqtUx/iVham/4vfdArNI=
github.com/mattn/go-sqlite3 v1.0.1-0.20150807032509-0fa27b5cb05c h1:zs99zFsZn1DKeW4wkNZjFxNC4lWawORDE6IFej7do9A=
github.com/mattn/go-sqlite3 v1.0.1-0.20150807032509-0fa27b5cb05c/go.mod h1:FPy6KqzDD04eiIsT53CuJW3U88zkxoIYsOqkbpncsNc=
github.com/mattn/go-sqlite3 v1.10.0 h1:jbhqpg7tQe4SupckyijYiy0mJJ/pRyHvXf7JdWK860o=
github.com/mattn/go-sqlite3 v1.10.0/go.mod h1:FPy6KqzDD04eiIsT53CuJW3U88zkxoIYsOqkbpncsNc=
github.com/mattn/go-sqlite3 v2.0.3+incompatible h1:gXHsfypPkaMZrKbD5209QV9jbUTJKjyR5WD3HYQSd+U=
github.com/mattn/go-sqlite3 v2.0.3+incompatible/go.mod h1:FPy6KqzDD04eiIsT53CuJW3U88zkxoIYsOqkbpncsNc=
github.com/onsi/ginkgo v0.0.0-20160716051733-7d3240191d7b/go.mod h1:lLunBs/Ym6LB5Z9jYTR76FiuTmxDTDusOGeTQH+WWjE=
github.com/onsi/gomega v0.0.0-20160713044445-9574b2d94c03/go.mod h1:C1qb7wdrVGGVU+Z6iS04AVkA3Q65CEZX59MT0QO5uiA=
github.com/pingcap/errors v0.11.1/go.mod h1:Oi8TUi2kEtXXLMJk9l1cGmz20kV3TaQ0usTwv5KuLY8=
github.com/pkg/errors v0.8.1/go.mod h1:bwawxfHBFNV+L2hUp1rHADufV3IMtnDRdf1r5NINEl0=
github.com/streadway/quantile v0.0.0-20150917103942-b0c588724d25/go.mod h1:lbP8tGiBjZ5YWIc2fzuRpTaz0b/53vT6PEs3QuAWzuU=
github.com/tealeg/xlsx v0.0.0-20161026161224-a8490cf686de h1:PC5Hwqy6Muk6JOroE699iNIxzZLlnls3iEDXbClQsKc=
github.com/tealeg/xlsx v0.0.0-20161026161224-a8490cf686de/go.mod h1:uxu5UY2ovkuRPWKQ8Q7JG0JbSivrISjdPzZQKeo74mA=
github.com/tealeg/xlsx v1.0.5 h1:+f8oFmvY8Gw1iUXzPk+kz+4GpbDZPK1FhPiQRd+ypgE=
github.com/tealeg/xlsx v1.0.5/go.mod h1:btRS8dz54TDnvKNosuAqxrM1QgN1udgk9O34bDCnORM=
github.com/tsenart/vegeta v0.0.0-20160525192120-dbb7ee1d3e54/go.mod h1:Smz/ZWfhKRcyDDChZkG3CyTHdj87lHzio/HOCkbndXM=
golang.org/x/arch v0.0.0-20181203225421-5a4828bb7045/go.mod h1:cYlCBUl1MsqxdiKgmc4uh7TxZfWSFLOGSRR090WDxt8=
golang.org/x/net v0.0.0-20160717224510-3797cd886499/go.mod h1:mL1N/T3taQHkDXs73rZJwtUhF3w3ftmwwsq0BUmARs4=
golang.org/x/sys v0.0.0-20160717071931-a646d33e2ee3/go.mod h1:STP8DvDyc/dI5b8T5hshtkjS+E42TnysNCUPdjciGhY=
gopkg.in/check.v1 v1.0.0-20180628173108-788fd7840127/go.mod h1:Co6ibVJAznAaIkqp8huTwlJQCZ016jof/cbN4VW5Yz0=
gopkg.in/check.v1 v1.0.0-20190902080502-41f04d3bba15/go.mod h1:Co6ibVJAznAaIkqp8huTwlJQCZ016jof/cbN4VW5Yz0=
gopkg.in/yaml.v2 v2.0.0-20160715033755-e4d366fc3c79/go.mod h1:JAlM8MvJe8wmxCU4Bli9HhUf9+ttbYbLASfIpnQbh74=
